
Microsoft Visual Studio Solution File, Format Version 12.00
# Visual Studio Version 16
VisualStudioVersion = 16.0.30523.141
MinimumVisualStudioVersion = 10.0.40219.1
Project("{FAE04EC0-301F-11D3-BF4B-00C04F79EFBC}") = "duqushujuku", "duqushujuku\duqushujuku.csproj", "{FED4784A-B4F7-4D8D-8D40-410C46070CBB}"
EndProject
Global
	GlobalSection(SolutionConfigurationPlatforms) = preSolution
		Debug|Any CPU = Debug|Any CPU
		Release|Any CPU = Release|Any CPU
	EndGlobalSection
	GlobalSection(ProjectConfigurationPlatforms) = postSolution
		{FED4784A-B4F7-4D8D-8D40-410C46070CBB}.Debug|Any CPU.ActiveCfg = Debug|Any CPU
		{FED4784A-B4F7-4D8D-8D40-410C46070CBB}.Debug|Any CPU.Build.0 = Debug|Any CPU
		{FED4784A-B4F7-4D8D-8D40-410C46070CBB}.Release|Any CPU.ActiveCfg = Release|Any CPU
		{FED4784A-B4F7-4D8D-8D40-410C46070CBB}.Release|Any CPU.Build.0 = Release|Any CPU
	EndGlobalSection
	GlobalSection(SolutionProperties) = preSolution
		HideSolutionNode = FALSE
	EndGlobalSection
	GlobalSection(ExtensibilityGlobals) = postSolution
		SolutionGuid = {5AE6553D-C4CC-4690-838C-132CA3B675D5}
	EndGlobalSection
EndGlobal
